Microsoft Visual Studio Solution File, Format Version 11.00
# Visual Studio 2010
Project("{FAE04EC0-301F-11D3-BF4B-00C04F79EFBC}") = "MultiGroupSummary", "MultiGroupSummary\MultiGroupSummary.csproj", "{F80D8F0A-3BD2-4614-B194-3A4EB44C35AF}"
EndProject
Global
	GlobalSection(SolutionConfigurationPlatforms) = preSolution
		Debug|x86 = Debug|x86
		Release|x86 = Release|x86
	EndGlobalSection
	GlobalSection(ProjectConfigurationPlatforms) = postSolution
		{F80D8F0A-3BD2-4614-B194-3A4EB44C35AF}.Debug|x86.ActiveCfg = Debug|x86
		{F80D8F0A-3BD2-4614-B194-3A4EB44C35AF}.Debug|x86.Build.0 = Debug|x86
		{F80D8F0A-3BD2-4614-B194-3A4EB44C35AF}.Release|x86.ActiveCfg = Release|x86
		{F80D8F0A-3BD2-4614-B194-3A4EB44C35AF}.Release|x86.Build.0 = Release|x86
	EndGlobalSection
	GlobalSection(SolutionProperties) = preSolution
		HideSolutionNode = FALSE
	EndGlobalSection
EndGlobal
